
Microsoft Visual Studio Solution File, Format Version 12.00
Project("{FAE04EC0-301F-11D3-BF4B-00C04F79EFBC}") = "BlockChainTest.ConsoleApp", "BlockChainTest.ConsoleApp\BlockChainTest.ConsoleApp.csproj", "{D3B8526F-5356-496A-B720-58219D1075EA}"
EndProject
Global
	GlobalSection(SolutionConfigurationPlatforms) = preSolution
		Debug|Any CPU = Debug|Any CPU
		Release|Any CPU = Release|Any CPU
	EndGlobalSection
	GlobalSection(ProjectConfigurationPlatforms) = postSolution
		{D3B8526F-5356-496A-B720-58219D1075EA}.Debug|Any CPU.ActiveCfg = Debug|Any CPU
		{D3B8526F-5356-496A-B720-58219D1075EA}.Debug|Any CPU.Build.0 = Debug|Any CPU
		{D3B8526F-5356-496A-B720-58219D1075EA}.Release|Any CPU.ActiveCfg = Release|Any CPU
		{D3B8526F-5356-496A-B720-58219D1075EA}.Release|Any CPU.Build.0 = Release|Any CPU
	EndGlobalSection
EndGlobal
